// !$*UTF8*$!
{
	archiveVersion = 1;
	classes = {
	};
	objectVersion = 56;
	objects = {

/* Begin PBXBuildFile section */
		38DEBACA2B3A612D0035D4A5 /* SeSACSocketApp.swift in Sources */ = {isa = PBXBuildFile; fileRef = 38DEBAC92B3A612D0035D4A5 /* SeSACSocketApp.swift */; };
		38DEBACC2B3A612D0035D4A5 /* SocketView.swift in Sources */ = {isa = PBXBuildFile; fileRef = 38DEBACB2B3A612D0035D4A5 /* SocketView.swift */; };
		38DEBACE2B3A612F0035D4A5 /* Assets.xcassets in Resources */ = {isa = PBXBuildFile; fileRef = 38DEBACD2B3A612F0035D4A5 /* Assets.xcassets */; };
		38DEBAD12B3A612F0035D4A5 /* Preview Assets.xcassets in Resources */ = {isa = PBXBuildFile; fileRef = 38DEBAD02B3A612F0035D4A5 /* Preview Assets.xcassets */; };
		38DEBADB2B3A612F0035D4A5 /* SeSACSocketTests.swift in Sources */ = {isa = PBXBuildFile; fileRef = 38DEBADA2B3A612F0035D4A5 /* SeSACSocketTests.swift */; };
		38DEBAE52B3A612F0035D4A5 /* SeSACSocketUITests.swift in Sources */ = {isa = PBXBuildFile; fileRef = 38DEBAE42B3A612F0035D4A5 /* SeSACSocketUITests.swift */; };
		38DEBAE72B3A612F0035D4A5 /* SeSACSocketUITestsLaunchTests.swift in Sources */ = {isa = PBXBuildFile; fileRef = 38DEBAE62B3A612F0035D4A5 /* SeSACSocketUITestsLaunchTests.swift */; };
		38DEBAFB2B3A63AC0035D4A5 /* WebSocketManager.swift in Sources */ = {isa = PBXBuildFile; fileRef = 38DEBAFA2B3A63AC0035D4A5 /* WebSocketManager.swift */; };
		38DEBB012B3A69220035D4A5 /* Constants.swift in Sources */ = {isa = PBXBuildFile; fileRef = 38DEBB002B3A69220035D4A5 /* Constants.swift */; };
		38DEBB062B3A6B3F0035D4A5 /* SocketViewModel.swift in Sources */ = {isa = PBXBuildFile; fileRef = 38DEBB052B3A6B3F0035D4A5 /* SocketViewModel.swift */; };
		38DEBB092B3A6CFF0035D4A5 /* ContentView.swift in Sources */ = {isa = PBXBuildFile; fileRef = 38DEBB082B3A6CFF0035D4A5 /* ContentView.swift */; };
		38DEBB0D2B3A7DBB0035D4A5 /* OrderBookDTO.swift in Sources */ = {isa = PBXBuildFile; fileRef = 38DEBB0C2B3A7DBB0035D4A5 /* OrderBookDTO.swift */; };
		38DEBB122B3BB9A00035D4A5 /* SwiftViewController.swift in Sources */ = {isa = PBXBuildFile; fileRef = 38DEBB112B3BB9A00035D4A5 /* SwiftViewController.swift */; };
/* End PBXBuildFile section */

/* Begin PBXContainerItemProxy section */
		38DEBAD72B3A612F0035D4A5 /* PBXContainerItemProxy */ = {
			isa = PBXContainerItemProxy;
			containerPortal = 38DEBABE2B3A612D0035D4A5 /* Project object */;
			proxyType = 1;
			remoteGlobalIDString = 38DEBAC52B3A612D0035D4A5;
			remoteInfo = SeSACSocket;
		};
		38DEBAE12B3A612F0035D4A5 /* PBXContainerItemProxy */ = {
			isa = PBXContainerItemProxy;
			containerPortal = 38DEBABE2B3A612D0035D4A5 /* Project object */;
			proxyType = 1;
			remoteGlobalIDString = 38DEBAC52B3A612D0035D4A5;
			remoteInfo = SeSACSocket;
		};
/* End PBXContainerItemProxy section */

/* Begin PBXFileReference section */
		38DEBAC62B3A612D0035D4A5 /* SeSACSocket.app */ = {isa = PBXFileReference; explicitFileType = wrapper.application; includeInIndex = 0; path = SeSACSocket.app; sourceTree = BUILT_PRODUCTS_DIR; };
		38DEBAC92B3A612D0035D4A5 /* SeSACSocketApp.swift */ = {isa = PBXFileReference; lastKnownFileType = sourcecode.swift; path = SeSACSocketApp.swift; sourceTree = "<group>"; };
		38DEBACB2B3A612D0035D4A5 /* SocketView.swift */ = {isa = PBXFileReference; lastKnownFileType = sourcecode.swift; path = SocketView.swift; sourceTree = "<group>"; };
		38DEBACD2B3A612F0035D4A5 /* Assets.xcassets */ = {isa = PBXFileReference; lastKnownFileType = folder.assetcatalog; path = Assets.xcassets; sourceTree = "<group>"; };
		38DEBAD02B3A612F0035D4A5 /* Preview Assets.xcassets */ = {isa = PBXFileReference; lastKnownFileType = folder.assetcatalog; path = "Preview Assets.xcassets"; sourceTree = "<group>"; };
		38DEBAD62B3A612F0035D4A5 /* SeSACSocketTests.xctest */ = {isa = PBXFileReference; explicitFileType = wrapper.cfbundle; includeInIndex = 0; path = SeSACSocketTests.xctest; sourceTree = BUILT_PRODUCTS_DIR; };
		38DEBADA2B3A612F0035D4A5 /* SeSACSocketTests.swift */ = {isa = PBXFileReference; lastKnownFileType = sourcecode.swift; path = SeSACSocketTests.swift; sourceTree = "<group>"; };
		38DEBAE02B3A612F0035D4A5 /* SeSACSocketUITests.xctest */ = {isa = PBXFileReference; explicitFileType = wrapper.cfbundle; includeInIndex = 0; path = SeSACSocketUITests.xctest; sourceTree = BUILT_PRODUCTS_DIR; };
		38DEBAE42B3A612F0035D4A5 /* SeSACSocketUITests.swift */ = {isa = PBXFileReference; lastKnownFileType = sourcecode.swift; path = SeSACSocketUITests.swift; sourceTree = "<group>"; };
		38DEBAE62B3A612F0035D4A5 /* SeSACSocketUITestsLaunchTests.swift */ = {isa = PBXFileReference; lastKnownFileType = sourcecode.swift; path = SeSACSocketUITestsLaunchTests.swift; sourceTree = "<group>"; };
		38DEBAFA2B3A63AC0035D4A5 /* WebSocketManager.swift */ = {isa = PBXFileReference; lastKnownFileType = sourcecode.swift; path = WebSocketManager.swift; sourceTree = "<group>"; };
		38DEBB002B3A69220035D4A5 /* Constants.swift */ = {isa = PBXFileReference; lastKnownFileType = sourcecode.swift; path = Constants.swift; sourceTree = "<group>"; };
		38DEBB052B3A6B3F0035D4A5 /* SocketViewModel.swift */ = {isa = PBXFileReference; lastKnownFileType = sourcecode.swift; path = SocketViewModel.swift; sourceTree = "<group>"; };
		38DEBB082B3A6CFF0035D4A5 /* ContentView.swift */ = {isa = PBXFileReference; lastKnownFileType = sourcecode.swift; path = ContentView.swift; sourceTree = "<group>"; };
		38DEBB0C2B3A7DBB0035D4A5 /* OrderBookDTO.swift */ = {isa = PBXFileReference; lastKnownFileType = sourcecode.swift; path = OrderBookDTO.swift; sourceTree = "<group>"; };
		38DEBB0E2B3A97F10035D4A5 /* .gitignore.md */ = {isa = PBXFileReference; lastKnownFileType = net.daringfireball.markdown; path = .gitignore.md; sourceTree = "<group>"; };
		38DEBB112B3BB9A00035D4A5 /* SwiftViewController.swift */ = {isa = PBXFileReference; lastKnownFileType = sourcecode.swift; path = SwiftViewController.swift; sourceTree = "<group>"; };
/* End PBXFileReference section */

/* Begin PBXFrameworksBuildPhase section */
		38DEBAC32B3A612D0035D4A5 /* Frameworks */ = {
			isa = PBXFrameworksBuildPhase;
			buildActionMask = 2147483647;
			files = (
			);
			runOnlyForDeploymentPostprocessing = 0;
		};
		38DEBAD32B3A612F0035D4A5 /* Frameworks */ = {
			isa = PBXFrameworksBuildPhase;
			buildActionMask = 2147483647;
			files = (
			);
			runOnlyForDeploymentPostprocessing = 0;
		};
		38DEBADD2B3A612F0035D4A5 /* Frameworks */ = {
			isa = PBXFrameworksBuildPhase;
			buildActionMask = 2147483647;
			files = (
			);
			runOnlyForDeploymentPostprocessing = 0;
		};
/* End PBXFrameworksBuildPhase section */

/* Begin PBXGroup section */
		38DEBABD2B3A612D0035D4A5 = {
			isa = PBXGroup;
			children = (
				38DEBB0E2B3A97F10035D4A5 /* .gitignore.md */,
				38DEBAC82B3A612D0035D4A5 /* SeSACSocket */,
				38DEBAD92B3A612F0035D4A5 /* SeSACSocketTests */,
				38DEBAE32B3A612F0035D4A5 /* SeSACSocketUITests */,
				38DEBAC72B3A612D0035D4A5 /* Products */,
			);
			sourceTree = "<group>";
		};
		38DEBAC72B3A612D0035D4A5 /* Products */ = {
			isa = PBXGroup;
			children = (
				38DEBAC62B3A612D0035D4A5 /* SeSACSocket.app */,
				38DEBAD62B3A612F0035D4A5 /* SeSACSocketTests.xctest */,
				38DEBAE02B3A612F0035D4A5 /* SeSACSocketUITests.xctest */,
			);
			name = Products;
			sourceTree = "<group>";
		};
		38DEBAC82B3A612D0035D4A5 /* SeSACSocket */ = {
			isa = PBXGroup;
			children = (
				38DEBB0F2B3BB97C0035D4A5 /* Swift-Practice */,
				38DEBAF52B3A62850035D4A5 /* Resources */,
				38DEBACD2B3A612F0035D4A5 /* Assets.xcassets */,
			);
			path = SeSACSocket;
			sourceTree = "<group>";
		};
		38DEBACF2B3A612F0035D4A5 /* Preview Content */ = {
			isa = PBXGroup;
			children = (
				38DEBAD02B3A612F0035D4A5 /* Preview Assets.xcassets */,
			);
			path = "Preview Content";
			sourceTree = "<group>";
		};
		38DEBAD92B3A612F0035D4A5 /* SeSACSocketTests */ = {
			isa = PBXGroup;
			children = (
				38DEBADA2B3A612F0035D4A5 /* SeSACSocketTests.swift */,
			);
			path = SeSACSocketTests;
			sourceTree = "<group>";
		};
		38DEBAE32B3A612F0035D4A5 /* SeSACSocketUITests */ = {
			isa = PBXGroup;
			children = (
				38DEBAE42B3A612F0035D4A5 /* SeSACSocketUITests.swift */,
				38DEBAE62B3A612F0035D4A5 /* SeSACSocketUITestsLaunchTests.swift */,
			);
			path = SeSACSocketUITests;
			sourceTree = "<group>";
		};
		38DEBAF32B3A62780035D4A5 /* Presentation */ = {
			isa = PBXGroup;
			children = (
				38DEBB072B3A6CF80035D4A5 /* ContentView */,
				38DEBAF72B3A629E0035D4A5 /* SocketView */,
				38DEBACF2B3A612F0035D4A5 /* Preview Content */,
			);
			path = Presentation;
			sourceTree = "<group>";
		};
		38DEBAF52B3A62850035D4A5 /* Resources */ = {
			isa = PBXGroup;
			children = (
				38DEBAF62B3A628A0035D4A5 /* Application */,
				38DEBAF82B3A62DB0035D4A5 /* Data */,
				38DEBAF32B3A62780035D4A5 /* Presentation */,
				38DEBAFC2B3A69090035D4A5 /* Utilities */,
			);
			path = Resources;
			sourceTree = "<group>";
		};
		38DEBAF62B3A628A0035D4A5 /* Application */ = {
			isa = PBXGroup;
			children = (
				38DEBAC92B3A612D0035D4A5 /* SeSACSocketApp.swift */,
			);
			path = Application;
			sourceTree = "<group>";
		};
		38DEBAF72B3A629E0035D4A5 /* SocketView */ = {
			isa = PBXGroup;
			children = (
				38DEBACB2B3A612D0035D4A5 /* SocketView.swift */,
				38DEBB052B3A6B3F0035D4A5 /* SocketViewModel.swift */,
			);
			path = SocketView;
			sourceTree = "<group>";
		};
		38DEBAF82B3A62DB0035D4A5 /* Data */ = {
			isa = PBXGroup;
			children = (
				38DEBB0B2B3A7DAF0035D4A5 /* DataMapping */,
				38DEBAF92B3A63A10035D4A5 /* DataSources */,
			);
			path = Data;
			sourceTree = "<group>";
		};
		38DEBAF92B3A63A10035D4A5 /* DataSources */ = {
			isa = PBXGroup;
			children = (
				38DEBAFA2B3A63AC0035D4A5 /* WebSocketManager.swift */,
			);
			path = DataSources;
			sourceTree = "<group>";
		};
		38DEBAFC2B3A69090035D4A5 /* Utilities */ = {
			isa = PBXGroup;
			children = (
				38DEBAFE2B3A69110035D4A5 /* Constants */,
			);
			path = Utilities;
			sourceTree = "<group>";
		};
		38DEBAFE2B3A69110035D4A5 /* Constants */ = {
			isa = PBXGroup;
			children = (
				38DEBB002B3A69220035D4A5 /* Constants.swift */,
			);
			path = Constants;
			sourceTree = "<group>";
		};
		38DEBB072B3A6CF80035D4A5 /* ContentView */ = {
			isa = PBXGroup;
			children = (
				38DEBB082B3A6CFF0035D4A5 /* ContentView.swift */,
			);
			path = ContentView;
			sourceTree = "<group>";
		};
		38DEBB0B2B3A7DAF0035D4A5 /* DataMapping */ = {
			isa = PBXGroup;
			children = (
				38DEBB0C2B3A7DBB0035D4A5 /* OrderBookDTO.swift */,
			);
			path = DataMapping;
			sourceTree = "<group>";
		};
		38DEBB0F2B3BB97C0035D4A5 /* Swift-Practice */ = {
			isa = PBXGroup;
			children = (
				38DEBB112B3BB9A00035D4A5 /* SwiftViewController.swift */,
			);
			path = "Swift-Practice";
			sourceTree = "<group>";
		};
/* End PBXGroup section */

/* Begin PBXNativeTarget section */
		38DEBAC52B3A612D0035D4A5 /* SeSACSocket */ = {
			isa = PBXNativeTarget;
			buildConfigurationList = 38DEBAEA2B3A612F0035D4A5 /* Build configuration list for PBXNativeTarget "SeSACSocket" */;
			buildPhases = (
				38DEBAC22B3A612D0035D4A5 /* Sources */,
				38DEBAC32B3A612D0035D4A5 /* Frameworks */,
				38DEBAC42B3A612D0035D4A5 /* Resources */,
			);
			buildRules = (
			);
			dependencies = (
			);
			name = SeSACSocket;
			productName = SeSACSocket;
			productReference = 38DEBAC62B3A612D0035D4A5 /* SeSACSocket.app */;
			productType = "com.apple.product-type.application";
		};
		38DEBAD52B3A612F0035D4A5 /* SeSACSocketTests */ = {
			isa = PBXNativeTarget;
			buildConfigurationList = 38DEBAED2B3A612F0035D4A5 /* Build configuration list for PBXNativeTarget "SeSACSocketTests" */;
			buildPhases = (
				38DEBAD22B3A612F0035D4A5 /* Sources */,
				38DEBAD32B3A612F0035D4A5 /* Frameworks */,
				38DEBAD42B3A612F0035D4A5 /* Resources */,
			);
			buildRules = (
			);
			dependencies = (
				38DEBAD82B3A612F0035D4A5 /* PBXTargetDependency */,
			);
			name = SeSACSocketTests;
			productName = SeSACSocketTests;
			productReference = 38DEBAD62B3A612F0035D4A5 /* SeSACSocketTests.xctest */;
			productType = "com.apple.product-type.bundle.unit-test";
		};
		38DEBADF2B3A612F0035D4A5 /* SeSACSocketUITests */ = {
			isa = PBXNativeTarget;
			buildConfigurationList = 38DEBAF02B3A612F0035D4A5 /* Build configuration list for PBXNativeTarget "SeSACSocketUITests" */;
			buildPhases = (
				38DEBADC2B3A612F0035D4A5 /* Sources */,
				38DEBADD2B3A612F0035D4A5 /* Frameworks */,
				38DEBADE2B3A612F0035D4A5 /* Resources */,
			);
			buildRules = (
			);
			dependencies = (
				38DEBAE22B3A612F0035D4A5 /* PBXTargetDependency */,
			);
			name = SeSACSocketUITests;
			productName = SeSACSocketUITests;
			productReference = 38DEBAE02B3A612F0035D4A5 /* SeSACSocketUITests.xctest */;
			productType = "com.apple.product-type.bundle.ui-testing";
		};
/* End PBXNativeTarget section */

/* Begin PBXProject section */
		38DEBABE2B3A612D0035D4A5 /* Project object */ = {
			isa = PBXProject;
			attributes = {
				BuildIndependentTargetsInParallel = 1;
				LastSwiftUpdateCheck = 1510;
				LastUpgradeCheck = 1510;
				TargetAttributes = {
					38DEBAC52B3A612D0035D4A5 = {
						CreatedOnToolsVersion = 15.1;
					};
					38DEBAD52B3A612F0035D4A5 = {
						CreatedOnToolsVersion = 15.1;
						TestTargetID = 38DEBAC52B3A612D0035D4A5;
					};
					38DEBADF2B3A612F0035D4A5 = {
						CreatedOnToolsVersion = 15.1;
						TestTargetID = 38DEBAC52B3A612D0035D4A5;
					};
				};
			};
			buildConfigurationList = 38DEBAC12B3A612D0035D4A5 /* Build configuration list for PBXProject "SeSACSocket" */;
			compatibilityVersion = "Xcode 14.0";
			developmentRegion = en;
			hasScannedForEncodings = 0;
			knownRegions = (
				en,
				Base,
			);
			mainGroup = 38DEBABD2B3A612D0035D4A5;
			productRefGroup = 38DEBAC72B3A612D0035D4A5 /* Products */;
			projectDirPath = "";
			projectRoot = "";
			targets = (
				38DEBAC52B3A612D0035D4A5 /* SeSACSocket */,
				38DEBAD52B3A612F0035D4A5 /* SeSACSocketTests */,
				38DEBADF2B3A612F0035D4A5 /* SeSACSocketUITests */,
			);
		};
/* End PBXProject section */

/* Begin PBXResourcesBuildPhase section */
		38DEBAC42B3A612D0035D4A5 /* Resources */ = {
			isa = PBXResourcesBuildPhase;
			buildActionMask = 2147483647;
			files = (
				38DEBAD12B3A612F0035D4A5 /* Preview Assets.xcassets in Resources */,
				38DEBACE2B3A612F0035D4A5 /* Assets.xcassets in Resources */,
			);
			runOnlyForDeploymentPostprocessing = 0;
		};
		38DEBAD42B3A612F0035D4A5 /* Resources */ = {
			isa = PBXResourcesBuildPhase;
			buildActionMask = 2147483647;
			files = (
			);
			runOnlyForDeploymentPostprocessing = 0;
		};
		38DEBADE2B3A612F0035D4A5 /* Resources */ = {
			isa = PBXResourcesBuildPhase;
			buildActionMask = 2147483647;
			files = (
			);
			runOnlyForDeploymentPostprocessing = 0;
		};
/* End PBXResourcesBuildPhase section */

/* Begin PBXSourcesBuildPhase section */
		38DEBAC22B3A612D0035D4A5 /* Sources */ = {
			isa = PBXSourcesBuildPhase;
			buildActionMask = 2147483647;
			files = (
				38DEBB122B3BB9A00035D4A5 /* SwiftViewController.swift in Sources */,
				38DEBACC2B3A612D0035D4A5 /* SocketView.swift in Sources */,
				38DEBACA2B3A612D0035D4A5 /* SeSACSocketApp.swift in Sources */,
				38DEBB092B3A6CFF0035D4A5 /* ContentView.swift in Sources */,
				38DEBAFB2B3A63AC0035D4A5 /* WebSocketManager.swift in Sources */,
				38DEBB012B3A69220035D4A5 /* Constants.swift in Sources */,
				38DEBB062B3A6B3F0035D4A5 /* SocketViewModel.swift in Sources */,
				38DEBB0D2B3A7DBB0035D4A5 /* OrderBookDTO.swift in Sources */,
			);
			runOnlyForDeploymentPostprocessing = 0;
		};
		38DEBAD22B3A612F0035D4A5 /* Sources */ = {
			isa = PBXSourcesBuildPhase;
			buildActionMask = 2147483647;
			files = (
				38DEBADB2B3A612F0035D4A5 /* SeSACSocketTests.swift in Sources */,
			);
			runOnlyForDeploymentPostprocessing = 0;
		};
		38DEBADC2B3A612F0035D4A5 /* Sources */ = {
			isa = PBXSourcesBuildPhase;
			buildActionMask = 2147483647;
			files = (
				38DEBAE52B3A612F0035D4A5 /* SeSACSocketUITests.swift in Sources */,
				38DEBAE72B3A612F0035D4A5 /* SeSACSocketUITestsLaunchTests.swift in Sources */,
			);
			runOnlyForDeploymentPostprocessing = 0;
		};
/* End PBXSourcesBuildPhase section */

/* Begin PBXTargetDependency section */
		38DEBAD82B3A612F0035D4A5 /* PBXTargetDependency */ = {
			isa = PBXTargetDependency;
			target = 38DEBAC52B3A612D0035D4A5 /* SeSACSocket */;
			targetProxy = 38DEBAD72B3A612F0035D4A5 /* PBXContainerItemProxy */;
		};
		38DEBAE22B3A612F0035D4A5 /* PBXTargetDependency */ = {
			isa = PBXTargetDependency;
			target = 38DEBAC52B3A612D0035D4A5 /* SeSACSocket */;
			targetProxy = 38DEBAE12B3A612F0035D4A5 /* PBXContainerItemProxy */;
		};
/* End PBXTargetDependency section */

/* Begin XCBuildConfiguration section */
		38DEBAE82B3A612F0035D4A5 /* Debug */ = {
			isa = XCBuildConfiguration;
			buildSettings = {
				ALWAYS_SEARCH_USER_PATHS = NO;
				ASSETCATALOG_COMPILER_GENERATE_SWIFT_ASSET_SYMBOL_EXTENSIONS = YES;
				CLANG_ANALYZER_NONNULL = YES;
				CLANG_ANALYZER_NUMBER_OBJECT_CONVERSION = YES_AGGRESSIVE;
				CLANG_CXX_LANGUAGE_STANDARD = "gnu++20";
				CLANG_ENABLE_MODULES = YES;
				CLANG_ENABLE_OBJC_ARC = YES;
				CLANG_ENABLE_OBJC_WEAK = YES;
				CLANG_WARN_BLOCK_CAPTURE_AUTORELEASING = YES;
				CLANG_WARN_BOOL_CONVERSION = YES;
				CLANG_WARN_COMMA = YES;
				CLANG_WARN_CONSTANT_CONVERSION = YES;
				CLANG_WARN_DEPRECATED_OBJC_IMPLEMENTATIONS = YES;
				CLANG_WARN_DIRECT_OBJC_ISA_USAGE = YES_ERROR;
				CLANG_WARN_DOCUMENTATION_COMMENTS = YES;
				CLANG_WARN_EMPTY_BODY = YES;
				CLANG_WARN_ENUM_CONVERSION = YES;
				CLANG_WARN_INFINITE_RECURSION = YES;
				CLANG_WARN_INT_CONVERSION = YES;
				CLANG_WARN_NON_LITERAL_NULL_CONVERSION = YES;
				CLANG_WARN_OBJC_IMPLICIT_RETAIN_SELF = YES;
				CLANG_WARN_OBJC_LITERAL_CONVERSION = YES;
				CLANG_WARN_OBJC_ROOT_CLASS = YES_ERROR;
				CLANG_WARN_QUOTED_INCLUDE_IN_FRAMEWORK_HEADER = YES;
				CLANG_WARN_RANGE_LOOP_ANALYSIS = YES;
				CLANG_WARN_STRICT_PROTOTYPES = YES;
				CLANG_WARN_SUSPICIOUS_MOVE = YES;
				CLANG_WARN_UNGUARDED_AVAILABILITY = YES_AGGRESSIVE;
				CLANG_WARN_UNREACHABLE_CODE = YES;
				CLANG_WARN__DUPLICATE_METHOD_MATCH = YES;
				COPY_PHASE_STRIP = NO;
				DEBUG_INFORMATION_FORMAT = dwarf;
				ENABLE_STRICT_OBJC_MSGSEND = YES;
				ENABLE_TESTABILITY = YES;
				ENABLE_USER_SCRIPT_SANDBOXING = YES;
				GCC_C_LANGUAGE_STANDARD = gnu17;
				GCC_DYNAMIC_NO_PIC = NO;
				GCC_NO_COMMON_BLOCKS = YES;
				GCC_OPTIMIZATION_LEVEL = 0;
				GCC_PREPROCESSOR_DEFINITIONS = (
					"DEBUG=1",
					"$(inherited)",
				);
				GCC_WARN_64_TO_32_BIT_CONVERSION = YES;
				GCC_WARN_ABOUT_RETURN_TYPE = YES_ERROR;
				GCC_WARN_UNDECLARED_SELECTOR = YES;
				GCC_WARN_UNINITIALIZED_AUTOS = YES_AGGRESSIVE;
				GCC_WARN_UNUSED_FUNCTION = YES;
				GCC_WARN_UNUSED_VARIABLE = YES;
				IPHONEOS_DEPLOYMENT_TARGET = 17.2;
				LOCALIZATION_PREFERS_STRING_CATALOGS = YES;
				MTL_ENABLE_DEBUG_INFO = INCLUDE_SOURCE;
				MTL_FAST_MATH = YES;
				ONLY_ACTIVE_ARCH = YES;
				SDKROOT = iphoneos;
				SWIFT_ACTIVE_COMPILATION_CONDITIONS = "DEBUG $(inherited)";
				SWIFT_OPTIMIZATION_LEVEL = "-Onone";
			};
			name = Debug;
		};
		38DEBAE92B3A612F0035D4A5 /* Release */ = {
			isa = XCBuildConfiguration;
			buildSettings = {
				ALWAYS_SEARCH_USER_PATHS = NO;
				ASSETCATALOG_COMPILER_GENERATE_SWIFT_ASSET_SYMBOL_EXTENSIONS = YES;
				CLANG_ANALYZER_NONNULL = YES;
				CLANG_ANALYZER_NUMBER_OBJECT_CONVERSION = YES_AGGRESSIVE;
				CLANG_CXX_LANGUAGE_STANDARD = "gnu++20";
				CLANG_ENABLE_MODULES = YES;
				CLANG_ENABLE_OBJC_ARC = YES;
				CLANG_ENABLE_OBJC_WEAK = YES;
				CLANG_WARN_BLOCK_CAPTURE_AUTORELEASING = YES;
				CLANG_WARN_BOOL_CONVERSION = YES;
				CLANG_WARN_COMMA = YES;
				CLANG_WARN_CONSTANT_CONVERSION = YES;
				CLANG_WARN_DEPRECATED_OBJC_IMPLEMENTATIONS = YES;
				CLANG_WARN_DIRECT_OBJC_ISA_USAGE = YES_ERROR;
				CLANG_WARN_DOCUMENTATION_COMMENTS = YES;
				CLANG_WARN_EMPTY_BODY = YES;
				CLANG_WARN_ENUM_CONVERSION = YES;
				CLANG_WARN_INFINITE_RECURSION = YES;
				CLANG_WARN_INT_CONVERSION = YES;
				CLANG_WARN_NON_LITERAL_NULL_CONVERSION = YES;
				CLANG_WARN_OBJC_IMPLICIT_RETAIN_SELF = YES;
				CLANG_WARN_OBJC_LITERAL_CONVERSION = YES;
				CLANG_WARN_OBJC_ROOT_CLASS = YES_ERROR;
				CLANG_WARN_QUOTED_INCLUDE_IN_FRAMEWORK_HEADER = YES;
				CLANG_WARN_RANGE_LOOP_ANALYSIS = YES;
				CLANG_WARN_STRICT_PROTOTYPES = YES;
				CLANG_WARN_SUSPICIOUS_MOVE = YES;
				CLANG_WARN_UNGUARDED_AVAILABILITY = YES_AGGRESSIVE;
				CLANG_WARN_UNREACHABLE_CODE = YES;
				CLANG_WARN__DUPLICATE_METHOD_MATCH = YES;
				COPY_PHASE_STRIP = NO;
				DEBUG_INFORMATION_FORMAT = "dwarf-with-dsym";
				ENABLE_NS_ASSERTIONS = NO;
				ENABLE_STRICT_OBJC_MSGSEND = YES;
				ENABLE_USER_SCRIPT_SANDBOXING = YES;
				GCC_C_LANGUAGE_STANDARD = gnu17;
				GCC_NO_COMMON_BLOCKS = YES;
				GCC_WARN_64_TO_32_BIT_CONVERSION = YES;
				GCC_WARN_ABOUT_RETURN_TYPE = YES_ERROR;
				GCC_WARN_UNDECLARED_SELECTOR = YES;
				GCC_WARN_UNINITIALIZED_AUTOS = YES_AGGRESSIVE;
				GCC_WARN_UNUSED_FUNCTION = YES;
				GCC_WARN_UNUSED_VARIABLE = YES;
				IPHONEOS_DEPLOYMENT_TARGET = 17.2;
				LOCALIZATION_PREFERS_STRING_CATALOGS = YES;
				MTL_ENABLE_DEBUG_INFO = NO;
				MTL_FAST_MATH = YES;
				SDKROOT = iphoneos;
				SWIFT_COMPILATION_MODE = wholemodule;
				VALIDATE_PRODUCT = YES;
			};
			name = Release;
		};
		38DEBAEB2B3A612F0035D4A5 /* Debug */ = {
			isa = XCBuildConfiguration;
			buildSettings = {
				ASSETCATALOG_COMPILER_APPICON_NAME = AppIcon;
				ASSETCATALOG_COMPILER_GLOBAL_ACCENT_COLOR_NAME = AccentColor;
				CODE_SIGN_STYLE = Automatic;
				CURRENT_PROJECT_VERSION = 1;
				DEVELOPMENT_ASSET_PATHS = "\"SeSACSocket/Resources/Presentation/Preview Content\"";
				DEVELOPMENT_TEAM = 3UNP2C529F;
				ENABLE_PREVIEWS = YES;
				GENERATE_INFOPLIST_FILE = YES;
				INFOPLIST_KEY_CFBundleDisplayName = "SeSAC-Socket";
				INFOPLIST_KEY_UIApplicationSceneManifest_Generation = YES;
				INFOPLIST_KEY_UIApplicationSupportsIndirectInputEvents = YES;
				INFOPLIST_KEY_UILaunchScreen_Generation = YES;
				INFOPLIST_KEY_UISupportedInterfaceOrientations = UIInterfaceOrientationPortrait;
				INFOPLIST_KEY_UISupportedInterfaceOrientations_iPad = "UIInterfaceOrientationLandscapeLeft UIInterfaceOrientationLandscapeRight UIInterfaceOrientationPortrait UIInterfaceOrientationPortraitUpsideDown";
				IPHONEOS_DEPLOYMENT_TARGET = 16.0;
				LD_RUNPATH_SEARCH_PATHS = (
					"$(inherited)",
					"@executable_path/Frameworks",
				);
				MARKETING_VERSION = 1.0;
				PRODUCT_BUNDLE_IDENTIFIER = com.andyarchive.SeSACSocket;
				PRODUCT_NAME = "$(TARGET_NAME)";
				SUPPORTED_PLATFORMS = "iphoneos iphonesimulator";
				SUPPORTS_MACCATALYST = NO;
				SUPPORTS_MAC_DESIGNED_FOR_IPHONE_IPAD = NO;
				SWIFT_EMIT_LOC_STRINGS = YES;
				SWIFT_VERSION = 5.0;
				TARGETED_DEVICE_FAMILY = 1;
			};
			name = Debug;
		};
		38DEBAEC2B3A612F0035D4A5 /* Release */ = {
			isa = XCBuildConfiguration;
			buildSettings = {
				ASSETCATALOG_COMPILER_APPICON_NAME = AppIcon;
				ASSETCATALOG_COMPILER_GLOBAL_ACCENT_COLOR_NAME = AccentColor;
				CODE_SIGN_STYLE = Automatic;
				CURRENT_PROJECT_VERSION = 1;
				DEVELOPMENT_ASSET_PATHS = "\"SeSACSocket/Resources/Presentation/Preview Content\"";
				DEVELOPMENT_TEAM = 3UNP2C529F;
				ENABLE_PREVIEWS = YES;
				GENERATE_INFOPLIST_FILE = YES;
				INFOPLIST_KEY_CFBundleDisplayName = "SeSAC-Socket";
				INFOPLIST_KEY_UIApplicationSceneManifest_Generation = YES;
				INFOPLIST_KEY_UIApplicationSupportsIndirectInputEvents = YES;
				INFOPLIST_KEY_UILaunchScreen_Generation = YES;
				INFOPLIST_KEY_UISupportedInterfaceOrientations = UIInterfaceOrientationPortrait;
				INFOPLIST_KEY_UISupportedInterfaceOrientations_iPad = "UIInterfaceOrientationLandscapeLeft UIInterfaceOrientationLandscapeRight UIInterfaceOrientationPortrait UIInterfaceOrientationPortraitUpsideDown";
				IPHONEOS_DEPLOYMENT_TARGET = 16.0;
				LD_RUNPATH_SEARCH_PATHS = (
					"$(inherited)",
					"@executable_path/Frameworks",
				);
				MARKETING_VERSION = 1.0;
				PRODUCT_BUNDLE_IDENTIFIER = com.andyarchive.SeSACSocket;
				PRODUCT_NAME = "$(TARGET_NAME)";
				SUPPORTED_PLATFORMS = "iphoneos iphonesimulator";
				SUPPORTS_MACCATALYST = NO;
				SUPPORTS_MAC_DESIGNED_FOR_IPHONE_IPAD = NO;
				SWIFT_EMIT_LOC_STRINGS = YES;
				SWIFT_VERSION = 5.0;
				TARGETED_DEVICE_FAMILY = 1;
			};
			name = Release;
		};
		38DEBAEE2B3A612F0035D4A5 /* Debug */ = {
			isa = XCBuildConfiguration;
			buildSettings = {
				ALWAYS_EMBED_SWIFT_STANDARD_LIBRARIES = YES;
				BUNDLE_LOADER = "$(TEST_HOST)";
				CODE_SIGN_STYLE = Automatic;
				CURRENT_PROJECT_VERSION = 1;
				DEVELOPMENT_TEAM = 3UNP2C529F;
				GENERATE_INFOPLIST_FILE = YES;
				IPHONEOS_DEPLOYMENT_TARGET = 17.2;
				MARKETING_VERSION = 1.0;
				PRODUCT_BUNDLE_IDENTIFIER = com.andyarchive.SeSACSocketTests;
				PRODUCT_NAME = "$(TARGET_NAME)";
				SWIFT_EMIT_LOC_STRINGS = NO;
				SWIFT_VERSION = 5.0;
				TARGETED_DEVICE_FAMILY = "1,2";
				TEST_HOST = "$(BUILT_PRODUCTS_DIR)/SeSACSocket.app/$(BUNDLE_EXECUTABLE_FOLDER_PATH)/SeSACSocket";
			};
			name = Debug;
		};
		38DEBAEF2B3A612F0035D4A5 /* Release */ = {
			isa = XCBuildConfiguration;
			buildSettings = {
				ALWAYS_EMBED_SWIFT_STANDARD_LIBRARIES = YES;
				BUNDLE_LOADER = "$(TEST_HOST)";
				CODE_SIGN_STYLE = Automatic;
				CURRENT_PROJECT_VERSION = 1;
				DEVELOPMENT_TEAM = 3UNP2C529F;
				GENERATE_INFOPLIST_FILE = YES;
				IPHONEOS_DEPLOYMENT_TARGET = 17.2;
				MARKETING_VERSION = 1.0;
				PRODUCT_BUNDLE_IDENTIFIER = com.andyarchive.SeSACSocketTests;
				PRODUCT_NAME = "$(TARGET_NAME)";
				SWIFT_EMIT_LOC_STRINGS = NO;
				SWIFT_VERSION = 5.0;
				TARGETED_DEVICE_FAMILY = "1,2";
				TEST_HOST = "$(BUILT_PRODUCTS_DIR)/SeSACSocket.app/$(BUNDLE_EXECUTABLE_FOLDER_PATH)/SeSACSocket";
			};
			name = Release;
		};
		38DEBAF12B3A612F0035D4A5 /* Debug */ = {
			isa = XCBuildConfiguration;
			buildSettings = {
				ALWAYS_EMBED_SWIFT_STANDARD_LIBRARIES = YES;
				CODE_SIGN_STYLE = Automatic;
				CURRENT_PROJECT_VERSION = 1;
				DEVELOPMENT_TEAM = 3UNP2C529F;
				GENERATE_INFOPLIST_FILE = YES;
				MARKETING_VERSION = 1.0;
				PRODUCT_BUNDLE_IDENTIFIER = com.andyarchive.SeSACSocketUITests;
				PRODUCT_NAME = "$(TARGET_NAME)";
				SWIFT_EMIT_LOC_STRINGS = NO;
				SWIFT_VERSION = 5.0;
				TARGETED_DEVICE_FAMILY = "1,2";
				TEST_TARGET_NAME = SeSACSocket;
			};
			name = Debug;
		};
		38DEBAF22B3A612F0035D4A5 /* Release */ = {
			isa = XCBuildConfiguration;
			buildSettings = {
				ALWAYS_EMBED_SWIFT_STANDARD_LIBRARIES = YES;
				CODE_SIGN_STYLE = Automatic;
				CURRENT_PROJECT_VERSION = 1;
				DEVELOPMENT_TEAM = 3UNP2C529F;
				GENERATE_INFOPLIST_FILE = YES;
				MARKETING_VERSION = 1.0;
				PRODUCT_BUNDLE_IDENTIFIER = com.andyarchive.SeSACSocketUITests;
				PRODUCT_NAME = "$(TARGET_NAME)";
				SWIFT_EMIT_LOC_STRINGS = NO;
				SWIFT_VERSION = 5.0;
				TARGETED_DEVICE_FAMILY = "1,2";
				TEST_TARGET_NAME = SeSACSocket;
			};
			name = Release;
		};
/* End XCBuildConfiguration section */

/* Begin XCConfigurationList section */
		38DEBAC12B3A612D0035D4A5 /* Build configuration list for PBXProject "SeSACSocket" */ = {
			isa = XCConfigurationList;
			buildConfigurations = (
				38DEBAE82B3A612F0035D4A5 /* Debug */,
				38DEBAE92B3A612F0035D4A5 /* Release */,
			);
			defaultConfigurationIsVisible = 0;
			defaultConfigurationName = Release;
		};
		38DEBAEA2B3A612F0035D4A5 /* Build configuration list for PBXNativeTarget "SeSACSocket" */ = {
			isa = XCConfigurationList;
			buildConfigurations = (
				38DEBAEB2B3A612F0035D4A5 /* Debug */,
				38DEBAEC2B3A612F0035D4A5 /* Release */,
			);
			defaultConfigurationIsVisible = 0;
			defaultConfigurationName = Release;
		};
		38DEBAED2B3A612F0035D4A5 /* Build configuration list for PBXNativeTarget "SeSACSocketTests" */ = {
			isa = XCConfigurationList;
			buildConfigurations = (
				38DEBAEE2B3A612F0035D4A5 /* Debug */,
				38DEBAEF2B3A612F0035D4A5 /* Release */,
			);
			defaultConfigurationIsVisible = 0;
			defaultConfigurationName = Release;
		};
		38DEBAF02B3A612F0035D4A5 /* Build configuration list for PBXNativeTarget "SeSACSocketUITests" */ = {
			isa = XCConfigurationList;
			buildConfigurations = (
				38DEBAF12B3A612F0035D4A5 /* Debug */,
				38DEBAF22B3A612F0035D4A5 /* Release */,
			);
			defaultConfigurationIsVisible = 0;
			defaultConfigurationName = Release;
		};
/* End XCConfigurationList section */
	};
	rootObject = 38DEBABE2B3A612D0035D4A5 /* Project object */;
}
